
Microsoft Visual Studio Solution File, Format Version 12.00
# Visual Studio 2012
Project("{FAE04EC0-301F-11D3-BF4B-00C04F79EFBC}") = "Readgress.Web", "Readgress.Web\Readgress.Web.csproj", "{159DE11B-BD24-4FB5-83BC-EE8D63E2A65F}"
EndProject
Project("{FAE04EC0-301F-11D3-BF4B-00C04F79EFBC}") = "OpenLibrary", "..\Shared\OpenLibrary\OpenLibrary.csproj", "{12154FF3-1FE0-471C-8686-DA35CFD2E8A7}"
EndProject
Project("{2150E333-8FDC-42A3-9474-1A3956D46DE8}") = ".nuget", ".nuget", "{AB8B675F-F7C9-4F22-A042-06E157913D0B}"
	ProjectSection(SolutionItems) = preProject
		.nuget\NuGet.Config = .nuget\NuGet.Config
		.nuget\NuGet.exe = .nuget\NuGet.exe
		.nuget\NuGet.targets = .nuget\NuGet.targets
	EndProjectSection
EndProject
Project("{2150E333-8FDC-42A3-9474-1A3956D46DE8}") = "Tests", "Tests", "{50968B37-2C56-47D2-A89A-12ACEB38F92F}"
EndProject
Project("{FAE04EC0-301F-11D3-BF4B-00C04F79EFBC}") = "OpenLibrary.UnitTests", "..\Shared\OpenLibrary.UnitTests\OpenLibrary.UnitTests.csproj", "{7C091854-2208-4143-B17E-82CA645158CB}"
EndProject
Project("{FAE04EC0-301F-11D3-BF4B-00C04F79EFBC}") = "Readgress.Data.Contracts", "..\Shared\Readgress.Data.Contracts\Readgress.Data.Contracts.csproj", "{46D1754C-F68D-430A-A617-4DAD5222FCE8}"
EndProject
Project("{FAE04EC0-301F-11D3-BF4B-00C04F79EFBC}") = "Readgress.Data", "..\Shared\Readgress.Data\Readgress.Data.csproj", "{2412C7CD-4D60-4DCE-AA9C-67494DE5667C}"
EndProject
Project("{FAE04EC0-301F-11D3-BF4B-00C04F79EFBC}") = "Readgress.Models", "..\Shared\Readgress.Models\Readgress.Models.csproj", "{31CA48D7-F2EB-493E-8F8D-45C6A8FD0363}"
EndProject
Project("{FAE04EC0-301F-11D3-BF4B-00C04F79EFBC}") = "Readgress.Con", "..\Readgress.Con\Readgress.Con.csproj", "{D15AA03D-5396-4970-89E1-A8F471E9E08F}"
EndProject
Project("{FAE04EC0-301F-11D3-BF4B-00C04F79EFBC}") = "Readgress.PresentationModel", "Readgress.PresentationModel\Readgress.PresentationModel.csproj", "{4708B789-A66C-4978-9121-AB752518B8D7}"
EndProject
Global
	GlobalSection(SolutionConfigurationPlatforms) = preSolution
		Debug|Any CPU = Debug|Any CPU
		Release|Any CPU = Release|Any CPU
	EndGlobalSection
	GlobalSection(ProjectConfigurationPlatforms) = postSolution
		{159DE11B-BD24-4FB5-83BC-EE8D63E2A65F}.Debug|Any CPU.ActiveCfg = Debug|Any CPU
		{159DE11B-BD24-4FB5-83BC-EE8D63E2A65F}.Debug|Any CPU.Build.0 = Debug|Any CPU
		{159DE11B-BD24-4FB5-83BC-EE8D63E2A65F}.Release|Any CPU.ActiveCfg = Release|Any CPU
		{159DE11B-BD24-4FB5-83BC-EE8D63E2A65F}.Release|Any CPU.Build.0 = Release|Any CPU
		{12154FF3-1FE0-471C-8686-DA35CFD2E8A7}.Debug|Any CPU.ActiveCfg = Debug|Any CPU
		{12154FF3-1FE0-471C-8686-DA35CFD2E8A7}.Debug|Any CPU.Build.0 = Debug|Any CPU
		{12154FF3-1FE0-471C-8686-DA35CFD2E8A7}.Release|Any CPU.ActiveCfg = Release|Any CPU
		{12154FF3-1FE0-471C-8686-DA35CFD2E8A7}.Release|Any CPU.Build.0 = Release|Any CPU
		{7C091854-2208-4143-B17E-82CA645158CB}.Debug|Any CPU.ActiveCfg = Debug|Any CPU
		{7C091854-2208-4143-B17E-82CA645158CB}.Debug|Any CPU.Build.0 = Debug|Any CPU
		{7C091854-2208-4143-B17E-82CA645158CB}.Release|Any CPU.ActiveCfg = Release|Any CPU
		{7C091854-2208-4143-B17E-82CA645158CB}.Release|Any CPU.Build.0 = Release|Any CPU
		{46D1754C-F68D-430A-A617-4DAD5222FCE8}.Debug|Any CPU.ActiveCfg = Debug|Any CPU
		{46D1754C-F68D-430A-A617-4DAD5222FCE8}.Debug|Any CPU.Build.0 = Debug|Any CPU
		{46D1754C-F68D-430A-A617-4DAD5222FCE8}.Release|Any CPU.ActiveCfg = Release|Any CPU
		{46D1754C-F68D-430A-A617-4DAD5222FCE8}.Release|Any CPU.Build.0 = Release|Any CPU
		{2412C7CD-4D60-4DCE-AA9C-67494DE5667C}.Debug|Any CPU.ActiveCfg = Debug|Any CPU
		{2412C7CD-4D60-4DCE-AA9C-67494DE5667C}.Debug|Any CPU.Build.0 = Debug|Any CPU
		{2412C7CD-4D60-4DCE-AA9C-67494DE5667C}.Release|Any CPU.ActiveCfg = Release|Any CPU
		{2412C7CD-4D60-4DCE-AA9C-67494DE5667C}.Release|Any CPU.Build.0 = Release|Any CPU
		{31CA48D7-F2EB-493E-8F8D-45C6A8FD0363}.Debug|Any CPU.ActiveCfg = Debug|Any CPU
		{31CA48D7-F2EB-493E-8F8D-45C6A8FD0363}.Debug|Any CPU.Build.0 = Debug|Any CPU
		{31CA48D7-F2EB-493E-8F8D-45C6A8FD0363}.Release|Any CPU.ActiveCfg = Release|Any CPU
		{31CA48D7-F2EB-493E-8F8D-45C6A8FD0363}.Release|Any CPU.Build.0 = Release|Any CPU
		{D15AA03D-5396-4970-89E1-A8F471E9E08F}.Debug|Any CPU.ActiveCfg = Debug|Any CPU
		{D15AA03D-5396-4970-89E1-A8F471E9E08F}.Debug|Any CPU.Build.0 = Debug|Any CPU
		{D15AA03D-5396-4970-89E1-A8F471E9E08F}.Release|Any CPU.ActiveCfg = Release|Any CPU
		{D15AA03D-5396-4970-89E1-A8F471E9E08F}.Release|Any CPU.Build.0 = Release|Any CPU
		{4708B789-A66C-4978-9121-AB752518B8D7}.Debug|Any CPU.ActiveCfg = Debug|Any CPU
		{4708B789-A66C-4978-9121-AB752518B8D7}.Debug|Any CPU.Build.0 = Debug|Any CPU
		{4708B789-A66C-4978-9121-AB752518B8D7}.Release|Any CPU.ActiveCfg = Release|Any CPU
		{4708B789-A66C-4978-9121-AB752518B8D7}.Release|Any CPU.Build.0 = Release|Any CPU
	EndGlobalSection
	GlobalSection(SolutionProperties) = preSolution
		HideSolutionNode = FALSE
	EndGlobalSection
	GlobalSection(NestedProjects) = preSolution
		{7C091854-2208-4143-B17E-82CA645158CB} = {50968B37-2C56-47D2-A89A-12ACEB38F92F}
	EndGlobalSection
	GlobalSection(ExtensibilityGlobals) = postSolution
		EnterpriseLibraryConfigurationToolBinariesPath = packages\Unity.2.1.505.2\lib\NET35
	EndGlobalSection
EndGlobal
